// !$*UTF8*$!
{
	archiveVersion = 1;
	classes = {
	};
	objectVersion = 90;
	objects = {

/* Begin PBXBuildFile section */
		D9FD55BB2FC6A528002421C3 /* RePlateCoreDesignColors.swift in Sources */ = {isa = PBXBuildFile; fileRef = D9FD55BA2FC6A528002421C3 /* RePlateCoreDesignColors.swift */; };
		D9FD55BD2FC6A53F002421C3 /* RePlateCoreDesignTypography.swift in Sources */ = {isa = PBXBuildFile; fileRef = D9FD55BC2FC6A53F002421C3 /* RePlateCoreDesignTypography.swift */; };
		D9FD55BF2FC6A546002421C3 /* RePlateCoreDesignSpacing.swift in Sources */ = {isa = PBXBuildFile; fileRef = D9FD55BE2FC6A546002421C3 /* RePlateCoreDesignSpacing.swift */; };
		D9FD55C12FC6A54D002421C3 /* RePlateCoreUtilitiesHapticManager.swift in Sources */ = {isa = PBXBuildFile; fileRef = D9FD55C02FC6A54D002421C3 /* RePlateCoreUtilitiesHapticManager.swift */; };
		D9FD55C32FC6A568002421C3 /* RePlateModelsModels.swift in Sources */ = {isa = PBXBuildFile; fileRef = D9FD55C22FC6A568002421C3 /* RePlateModelsModels.swift */; };
		D9FD55C52FC6A57A002421C3 /* RePlateCoreDesignComponentsRPButton.swift in Sources */ = {isa = PBXBuildFile; fileRef = D9FD55C42FC6A57A002421C3 /* RePlateCoreDesignComponentsRPButton.swift */; };
		D9FD55C72FC6A585002421C3 /* RePlateCoreDesignComponentsRPCard.swift in Sources */ = {isa = PBXBuildFile; fileRef = D9FD55C62FC6A585002421C3 /* RePlateCoreDesignComponentsRPCard.swift */; };
		D9FD55C92FC6A593002421C3 /* RePlateCoreDesignComponentsRPTextField.swift in Sources */ = {isa = PBXBuildFile; fileRef = D9FD55C82FC6A593002421C3 /* RePlateCoreDesignComponentsRPTextField.swift */; };
		D9FD55CB2FC6A5AE002421C3 /* RePlateCoreDesignComponentsListingCard.swift in Sources */ = {isa = PBXBuildFile; fileRef = D9FD55CA2FC6A5AE002421C3 /* RePlateCoreDesignComponentsListingCard.swift */; };
		D9FD55CD2FC6A5BE002421C3 /* RePlateViewModelsAuthenticationViewModel.swift in Sources */ = {isa = PBXBuildFile; fileRef = D9FD55CC2FC6A5BE002421C3 /* RePlateViewModelsAuthenticationViewModel.swift */; };
		D9FD55CF2FC6A5CF002421C3 /* RePlateViewsOnboardingWelcomeView.swift in Sources */ = {isa = PBXBuildFile; fileRef = D9FD55CE2FC6A5CF002421C3 /* RePlateViewsOnboardingWelcomeView.swift */; };
		D9FD55D12FC6A5E7002421C3 /* RePlateViewsOnboardingUserTypeSelectionView.swift in Sources */ = {isa = PBXBuildFile; fileRef = D9FD55D02FC6A5E7002421C3 /* RePlateViewsOnboardingUserTypeSelectionView.swift */; };
		D9FD55D32FC6A5FD002421C3 /* RePlateViewsOnboardingSignInView.swift in Sources */ = {isa = PBXBuildFile; fileRef = D9FD55D22FC6A5FD002421C3 /* RePlateViewsOnboardingSignInView.swift */; };
		D9FD55D52FC6A60A002421C3 /* RePlateViewsOnboardingSignUpView.swift in Sources */ = {isa = PBXBuildFile; fileRef = D9FD55D42FC6A60A002421C3 /* RePlateViewsOnboardingSignUpView.swift */; };
		D9FD55D72FC6A62B002421C3 /* RePlateViewsCustomerCustomerHomeView.swift in Sources */ = {isa = PBXBuildFile; fileRef = D9FD55D62FC6A62B002421C3 /* RePlateViewsCustomerCustomerHomeView.swift */; };
		D9FD55D92FC6A649002421C3 /* RePlateViewModelsCustomerHomeViewModel.swift in Sources */ = {isa = PBXBuildFile; fileRef = D9FD55D82FC6A649002421C3 /* RePlateViewModelsCustomerHomeViewModel.swift */; };
		D9FD55DB2FC6A64F002421C3 /* RePlateAppRePlateApp.swift in Sources */ = {isa = PBXBuildFile; fileRef = D9FD55DA2FC6A64F002421C3 /* RePlateAppRePlateApp.swift */; };
		D9FD55DD2FC6A680002421C3 /* RePlateAppRootView.swift in Sources */ = {isa = PBXBuildFile; fileRef = D9FD55DC2FC6A680002421C3 /* RePlateAppRootView.swift */; };
		D9FD55DF2FC6A6AE002421C3 /* RePlateViewsCustomerListingDetailView.swift in Sources */ = {isa = PBXBuildFile; fileRef = D9FD55DE2FC6A6AE002421C3 /* RePlateViewsCustomerListingDetailView.swift */; };
		D9FD55E12FC6A6CA002421C3 /* RePlateViewsCustomerListingsMapView.swift in Sources */ = {isa = PBXBuildFile; fileRef = D9FD55E02FC6A6CA002421C3 /* RePlateViewsCustomerListingsMapView.swift */; };
		D9FD55E32FC6A6D7002421C3 /* RePlateResourcesInfo.plist in Resources */ = {isa = PBXBuildFile; fileRef = D9FD55E22FC6A6D7002421C3 /* RePlateResourcesInfo.plist */; };
		D9FD55E52FC6A70F002421C3 /* README.md in Resources */ = {isa = PBXBuildFile; fileRef = D9FD55E42FC6A70F002421C3 /* README.md */; };
		D9FD55E72FC6A74A002421C3 /* SETUP_GUIDE.md in Resources */ = {isa = PBXBuildFile; fileRef = D9FD55E62FC6A74A002421C3 /* SETUP_GUIDE.md */; };
		D9FD55E92FC6A793002421C3 /* FILE_REFERENCE.md in Resources */ = {isa = PBXBuildFile; fileRef = D9FD55E82FC6A793002421C3 /* FILE_REFERENCE.md */; };
		D9FD55EB2FC6A7E6002421C3 /* IMPLEMENTATION_SUMMARY.md in Resources */ = {isa = PBXBuildFile; fileRef = D9FD55EA2FC6A7E6002421C3 /* IMPLEMENTATION_SUMMARY.md */; };
		D9FD55ED2FC6A81E002421C3 /* DIRECTORY_TREE.md in Resources */ = {isa = PBXBuildFile; fileRef = D9FD55EC2FC6A81E002421C3 /* DIRECTORY_TREE.md */; };
		D9FD55EF2FC6A84D002421C3 /* QUICK_REFERENCE.md in Resources */ = {isa = PBXBuildFile; fileRef = D9FD55EE2FC6A84D002421C3 /* QUICK_REFERENCE.md */; };
		D9FD55F12FC6A89C002421C3 /* TODO.md in Resources */ = {isa = PBXBuildFile; fileRef = D9FD55F02FC6A89C002421C3 /* TODO.md */; };
/* End PBXBuildFile section */

/* Begin PBXFileReference section */
		D959AD072F25A6BE00639BCE /* RePlate.app */ = {isa = PBXFileReference; explicitFileType = wrapper.application; includeInIndex = 0; path = RePlate.app; sourceTree = BUILT_PRODUCTS_DIR; };
		D9FD55982FC69F8F002421C3 /* RePlate.xcodeproj */ = {isa = PBXFileReference; lastKnownFileType = "wrapper.pb-project"; path = RePlate.xcodeproj; sourceTree = "<group>"; };
		D9FD55B02FC6A3D0002421C3 /* RePlate.xctestplan */ = {isa = PBXFileReference; lastKnownFileType = text; path = RePlate.xctestplan; sourceTree = "<group>"; };
		D9FD55BA2FC6A528002421C3 /* RePlateCoreDesignColors.swift */ = {isa = PBXFileReference; lastKnownFileType = sourcecode.swift; path = RePlateCoreDesignColors.swift; sourceTree = "<group>"; };
		D9FD55BC2FC6A53F002421C3 /* RePlateCoreDesignTypography.swift */ = {isa = PBXFileReference; lastKnownFileType = sourcecode.swift; path = RePlateCoreDesignTypography.swift; sourceTree = "<group>"; };
		D9FD55BE2FC6A546002421C3 /* RePlateCoreDesignSpacing.swift */ = {isa = PBXFileReference; lastKnownFileType = sourcecode.swift; path = RePlateCoreDesignSpacing.swift; sourceTree = "<group>"; };
		D9FD55C02FC6A54D002421C3 /* RePlateCoreUtilitiesHapticManager.swift */ = {isa = PBXFileReference; lastKnownFileType = sourcecode.swift; path = RePlateCoreUtilitiesHapticManager.swift; sourceTree = "<group>"; };
		D9FD55C22FC6A568002421C3 /* RePlateModelsModels.swift */ = {isa = PBXFileReference; lastKnownFileType = sourcecode.swift; path = RePlateModelsModels.swift; sourceTree = "<group>"; };
		D9FD55C42FC6A57A002421C3 /* RePlateCoreDesignComponentsRPButton.swift */ = {isa = PBXFileReference; lastKnownFileType = sourcecode.swift; path = RePlateCoreDesignComponentsRPButton.swift; sourceTree = "<group>"; };
		D9FD55C62FC6A585002421C3 /* RePlateCoreDesignComponentsRPCard.swift */ = {isa = PBXFileReference; lastKnownFileType = sourcecode.swift; path = RePlateCoreDesignComponentsRPCard.swift; sourceTree = "<group>"; };
		D9FD55C82FC6A593002421C3 /* RePlateCoreDesignComponentsRPTextField.swift */ = {isa = PBXFileReference; lastKnownFileType = sourcecode.swift; path = RePlateCoreDesignComponentsRPTextField.swift; sourceTree = "<group>"; };
		D9FD55CA2FC6A5AE002421C3 /* RePlateCoreDesignComponentsListingCard.swift */ = {isa = PBXFileReference; lastKnownFileType = sourcecode.swift; path = RePlateCoreDesignComponentsListingCard.swift; sourceTree = "<group>"; };
		D9FD55CC2FC6A5BE002421C3 /* RePlateViewModelsAuthenticationViewModel.swift */ = {isa = PBXFileReference; lastKnownFileType = sourcecode.swift; path = RePlateViewModelsAuthenticationViewModel.swift; sourceTree = "<group>"; };
		D9FD55CE2FC6A5CF002421C3 /* RePlateViewsOnboardingWelcomeView.swift */ = {isa = PBXFileReference; lastKnownFileType = sourcecode.swift; path = RePlateViewsOnboardingWelcomeView.swift; sourceTree = "<group>"; };
		D9FD55D02FC6A5E7002421C3 /* RePlateViewsOnboardingUserTypeSelectionView.swift */ = {isa = PBXFileReference; lastKnownFileType = sourcecode.swift; path = RePlateViewsOnboardingUserTypeSelectionView.swift; sourceTree = "<group>"; };
		D9FD55D22FC6A5FD002421C3 /* RePlateViewsOnboardingSignInView.swift */ = {isa = PBXFileReference; lastKnownFileType = sourcecode.swift; path = RePlateViewsOnboardingSignInView.swift; sourceTree = "<group>"; };
		D9FD55D42FC6A60A002421C3 /* RePlateViewsOnboardingSignUpView.swift */ = {isa = PBXFileReference; lastKnownFileType = sourcecode.swift; path = RePlateViewsOnboardingSignUpView.swift; sourceTree = "<group>"; };
		D9FD55D62FC6A62B002421C3 /* RePlateViewsCustomerCustomerHomeView.swift */ = {isa = PBXFileReference; lastKnownFileType = sourcecode.swift; path = RePlateViewsCustomerCustomerHomeView.swift; sourceTree = "<group>"; };
		D9FD55D82FC6A649002421C3 /* RePlateViewModelsCustomerHomeViewModel.swift */ = {isa = PBXFileReference; lastKnownFileType = sourcecode.swift; path = RePlateViewModelsCustomerHomeViewModel.swift; sourceTree = "<group>"; };
		D9FD55DA2FC6A64F002421C3 /* RePlateAppRePlateApp.swift */ = {isa = PBXFileReference; lastKnownFileType = sourcecode.swift; path = RePlateAppRePlateApp.swift; sourceTree = "<group>"; };
		D9FD55DC2FC6A680002421C3 /* RePlateAppRootView.swift */ = {isa = PBXFileReference; lastKnownFileType = sourcecode.swift; path = RePlateAppRootView.swift; sourceTree = "<group>"; };
		D9FD55DE2FC6A6AE002421C3 /* RePlateViewsCustomerListingDetailView.swift */ = {isa = PBXFileReference; lastKnownFileType = sourcecode.swift; path = RePlateViewsCustomerListingDetailView.swift; sourceTree = "<group>"; };
		D9FD55E02FC6A6CA002421C3 /* RePlateViewsCustomerListingsMapView.swift */ = {isa = PBXFileReference; lastKnownFileType = sourcecode.swift; path = RePlateViewsCustomerListingsMapView.swift; sourceTree = "<group>"; };
		D9FD55E22FC6A6D7002421C3 /* RePlateResourcesInfo.plist */ = {isa = PBXFileReference; lastKnownFileType = text.plist.xml; path = RePlateResourcesInfo.plist; sourceTree = "<group>"; };
		D9FD55E42FC6A70F002421C3 /* README.md */ = {isa = PBXFileReference; lastKnownFileType = net.daringfireball.markdown; path = README.md; sourceTree = "<group>"; };
		D9FD55E62FC6A74A002421C3 /* SETUP_GUIDE.md */ = {isa = PBXFileReference; lastKnownFileType = net.daringfireball.markdown; path = SETUP_GUIDE.md; sourceTree = "<group>"; };
		D9FD55E82FC6A793002421C3 /* FILE_REFERENCE.md */ = {isa = PBXFileReference; lastKnownFileType = net.daringfireball.markdown; path = FILE_REFERENCE.md; sourceTree = "<group>"; };
		D9FD55EA2FC6A7E6002421C3 /* IMPLEMENTATION_SUMMARY.md */ = {isa = PBXFileReference; lastKnownFileType = net.daringfireball.markdown; path = IMPLEMENTATION_SUMMARY.md; sourceTree = "<group>"; };
		D9FD55EC2FC6A81E002421C3 /* DIRECTORY_TREE.md */ = {isa = PBXFileReference; lastKnownFileType = net.daringfireball.markdown; path = DIRECTORY_TREE.md; sourceTree = "<group>"; };
		D9FD55EE2FC6A84D002421C3 /* QUICK_REFERENCE.md */ = {isa = PBXFileReference; lastKnownFileType = net.daringfireball.markdown; path = QUICK_REFERENCE.md; sourceTree = "<group>"; };
		D9FD55F02FC6A89C002421C3 /* TODO.md */ = {isa = PBXFileReference; lastKnownFileType = net.daringfireball.markdown; path = TODO.md; sourceTree = "<group>"; };
		D9FD55FD2FC6AE82002421C3 /* RePlate.xcodeproj */ = {isa = PBXFileReference; lastKnownFileType = "wrapper.pb-project"; path = RePlate.xcodeproj; sourceTree = "<group>"; };
/* End PBXFileReference section */

/* Begin PBXFileSystemSynchronizedRootGroup section */
		D959AD092F25A6BE00639BCE /* RePlate */ = {
			isa = PBXFileSystemSynchronizedRootGroup;
			path = RePlate;
			sourceTree = "<group>";
		};
/* End PBXFileSystemSynchronizedRootGroup section */

/* Begin PBXFrameworksBuildPhase section */
		D959AD042F25A6BE00639BCE /* Frameworks */ = {
			isa = PBXFrameworksBuildPhase;
			files = (
			);
		};
/* End PBXFrameworksBuildPhase section */

/* Begin PBXGroup section */
		D959ACFE2F25A6BE00639BCE = {
			isa = PBXGroup;
			children = (
				D9FD55B02FC6A3D0002421C3 /* RePlate.xctestplan */,
				D959AD092F25A6BE00639BCE /* RePlate */,
				D959AD082F25A6BE00639BCE /* Products */,
				D9FD55BA2FC6A528002421C3 /* RePlateCoreDesignColors.swift */,
				D9FD55BC2FC6A53F002421C3 /* RePlateCoreDesignTypography.swift */,
				D9FD55BE2FC6A546002421C3 /* RePlateCoreDesignSpacing.swift */,
				D9FD55C02FC6A54D002421C3 /* RePlateCoreUtilitiesHapticManager.swift */,
				D9FD55C22FC6A568002421C3 /* RePlateModelsModels.swift */,
				D9FD55C42FC6A57A002421C3 /* RePlateCoreDesignComponentsRPButton.swift */,
				D9FD55C62FC6A585002421C3 /* RePlateCoreDesignComponentsRPCard.swift */,
				D9FD55C82FC6A593002421C3 /* RePlateCoreDesignComponentsRPTextField.swift */,
				D9FD55CA2FC6A5AE002421C3 /* RePlateCoreDesignComponentsListingCard.swift */,
				D9FD55CC2FC6A5BE002421C3 /* RePlateViewModelsAuthenticationViewModel.swift */,
				D9FD55CE2FC6A5CF002421C3 /* RePlateViewsOnboardingWelcomeView.swift */,
				D9FD55D02FC6A5E7002421C3 /* RePlateViewsOnboardingUserTypeSelectionView.swift */,
				D9FD55D22FC6A5FD002421C3 /* RePlateViewsOnboardingSignInView.swift */,
				D9FD55D42FC6A60A002421C3 /* RePlateViewsOnboardingSignUpView.swift */,
				D9FD55D62FC6A62B002421C3 /* RePlateViewsCustomerCustomerHomeView.swift */,
				D9FD55D82FC6A649002421C3 /* RePlateViewModelsCustomerHomeViewModel.swift */,
				D9FD55DA2FC6A64F002421C3 /* RePlateAppRePlateApp.swift */,
				D9FD55DC2FC6A680002421C3 /* RePlateAppRootView.swift */,
				D9FD55DE2FC6A6AE002421C3 /* RePlateViewsCustomerListingDetailView.swift */,
				D9FD55E02FC6A6CA002421C3 /* RePlateViewsCustomerListingsMapView.swift */,
				D9FD55E22FC6A6D7002421C3 /* RePlateResourcesInfo.plist */,
				D9FD55E42FC6A70F002421C3 /* README.md */,
				D9FD55E62FC6A74A002421C3 /* SETUP_GUIDE.md */,
				D9FD55E82FC6A793002421C3 /* FILE_REFERENCE.md */,
				D9FD55EA2FC6A7E6002421C3 /* IMPLEMENTATION_SUMMARY.md */,
				D9FD55EC2FC6A81E002421C3 /* DIRECTORY_TREE.md */,
				D9FD55EE2FC6A84D002421C3 /* QUICK_REFERENCE.md */,
				D9FD55F02FC6A89C002421C3 /* TODO.md */,
			);
			sourceTree = "<group>";
			usesTabs = 0;
		};
		D959AD082F25A6BE00639BCE /* Products */ = {
			isa = PBXGroup;
			children = (
				D959AD072F25A6BE00639BCE /* RePlate.app */,
			);
			name = Products;
			sourceTree = "<group>";
		};
		D9FD55992FC69F8F002421C3 /* Products */ = {
			isa = PBXGroup;
			children = (
			);
			name = Products;
			sourceTree = "<group>";
		};
		D9FD55FE2FC6AE82002421C3 /* Products */ = {
			isa = PBXGroup;
			children = (
			);
			name = Products;
			sourceTree = "<group>";
		};
/* End PBXGroup section */

/* Begin PBXNativeTarget section */
		D959AD062F25A6BE00639BCE /* RePlate */ = {
			isa = PBXNativeTarget;
			buildConfigurationList = D959AD122F25A6C100639BCE /* Build configuration list for PBXNativeTarget "RePlate" */;
			buildPhases = (
				D959AD032F25A6BE00639BCE /* Sources */,
				D959AD042F25A6BE00639BCE /* Frameworks */,
				D959AD052F25A6BE00639BCE /* Resources */,
			);
			buildRules = (
			);
			fileSystemSynchronizedGroups = (
				D959AD092F25A6BE00639BCE /* RePlate */,
			);
			name = RePlate;
			productName = RePlate;
			productReference = D959AD072F25A6BE00639BCE /* RePlate.app */;
			productType = "com.apple.product-type.application";
		};
/* End PBXNativeTarget section */

/* Begin PBXProject section */
		D959ACFF2F25A6BE00639BCE /* Project object */ = {
			isa = PBXProject;
			attributes = {
				BuildIndependentTargetsInParallel = 1;
				LastSwiftUpdateCheck = 2620;
				LastUpgradeCheck = 2620;
				ORGANIZATIONNAME = RePlate;
				TargetAttributes = {
					D959AD062F25A6BE00639BCE = {
						CreatedOnToolsVersion = 26.2;
					};
				};
			};
			buildConfigurationList = D959AD022F25A6BE00639BCE /* Build configuration list for PBXProject "RePlate" */;
			developmentRegion = en;
			hasScannedForEncodings = 0;
			knownRegions = (
				en,
				Base,
			);
			mainGroup = D959ACFE2F25A6BE00639BCE;
			minimizedProjectReferenceProxies = 1;
			preferredProjectObjectVersion = 90;
			productRefGroup = D959AD082F25A6BE00639BCE /* Products */;
			projectDirPath = "";
			projectReferences = (
				{
					ProductGroup = D9FD55FE2FC6AE82002421C3 /* Products */;
					ProjectRef = D9FD55FD2FC6AE82002421C3 /* RePlate.xcodeproj */;
				},
				{
					ProductGroup = D9FD55992FC69F8F002421C3 /* Products */;
					ProjectRef = D9FD55982FC69F8F002421C3 /* RePlate.xcodeproj */;
				},
			);
			projectRoot = "";
			targets = (
				D959AD062F25A6BE00639BCE /* RePlate */,
			);
		};
/* End PBXProject section */

/* Begin PBXResourcesBuildPhase section */
		D959AD052F25A6BE00639BCE /* Resources */ = {
			isa = PBXResourcesBuildPhase;
			files = (
				D9FD55ED2FC6A81E002421C3 /* DIRECTORY_TREE.md in Resources */,
				D9FD55E52FC6A70F002421C3 /* README.md in Resources */,
				D9FD55EB2FC6A7E6002421C3 /* IMPLEMENTATION_SUMMARY.md in Resources */,
				D9FD55F12FC6A89C002421C3 /* TODO.md in Resources */,
				D9FD55E32FC6A6D7002421C3 /* RePlateResourcesInfo.plist in Resources */,
				D9FD55EF2FC6A84D002421C3 /* QUICK_REFERENCE.md in Resources */,
				D9FD55E92FC6A793002421C3 /* FILE_REFERENCE.md in Resources */,
				D9FD55E72FC6A74A002421C3 /* SETUP_GUIDE.md in Resources */,
			);
		};
/* End PBXResourcesBuildPhase section */

/* Begin PBXSourcesBuildPhase section */
		D959AD032F25A6BE00639BCE /* Sources */ = {
			isa = PBXSourcesBuildPhase;
			files = (
				D9FD55D92FC6A649002421C3 /* RePlateViewModelsCustomerHomeViewModel.swift in Sources */,
				D9FD55DB2FC6A64F002421C3 /* RePlateAppRePlateApp.swift in Sources */,
				D9FD55CD2FC6A5BE002421C3 /* RePlateViewModelsAuthenticationViewModel.swift in Sources */,
				D9FD55CB2FC6A5AE002421C3 /* RePlateCoreDesignComponentsListingCard.swift in Sources */,
				D9FD55D32FC6A5FD002421C3 /* RePlateViewsOnboardingSignInView.swift in Sources */,
				D9FD55C32FC6A568002421C3 /* RePlateModelsModels.swift in Sources */,
				D9FD55D72FC6A62B002421C3 /* RePlateViewsCustomerCustomerHomeView.swift in Sources */,
				D9FD55CF2FC6A5CF002421C3 /* RePlateViewsOnboardingWelcomeView.swift in Sources */,
				D9FD55C92FC6A593002421C3 /* RePlateCoreDesignComponentsRPTextField.swift in Sources */,
				D9FD55BF2FC6A546002421C3 /* RePlateCoreDesignSpacing.swift in Sources */,
				D9FD55C12FC6A54D002421C3 /* RePlateCoreUtilitiesHapticManager.swift in Sources */,
				D9FD55BD2FC6A53F002421C3 /* RePlateCoreDesignTypography.swift in Sources */,
				D9FD55E12FC6A6CA002421C3 /* RePlateViewsCustomerListingsMapView.swift in Sources */,
				D9FD55D52FC6A60A002421C3 /* RePlateViewsOnboardingSignUpView.swift in Sources */,
				D9FD55DD2FC6A680002421C3 /* RePlateAppRootView.swift in Sources */,
				D9FD55BB2FC6A528002421C3 /* RePlateCoreDesignColors.swift in Sources */,
				D9FD55DF2FC6A6AE002421C3 /* RePlateViewsCustomerListingDetailView.swift in Sources */,
				D9FD55C52FC6A57A002421C3 /* RePlateCoreDesignComponentsRPButton.swift in Sources */,
				D9FD55C72FC6A585002421C3 /* RePlateCoreDesignComponentsRPCard.swift in Sources */,
				D9FD55D12FC6A5E7002421C3 /* RePlateViewsOnboardingUserTypeSelectionView.swift in Sources */,
			);
		};
/* End PBXSourcesBuildPhase section */

/* Begin XCBuildConfiguration section */
		D959AD102F25A6C100639BCE /* Debug configuration for PBXProject "RePlate" */ = {
			isa = XCBuildConfiguration;
			buildSettings = {
				ALWAYS_SEARCH_USER_PATHS = NO;
				ASSETCATALOG_COMPILER_GENERATE_SWIFT_ASSET_SYMBOL_EXTENSIONS = YES;
				CLANG_ANALYZER_NONNULL = YES;
				CLANG_ANALYZER_NUMBER_OBJECT_CONVERSION = YES_AGGRESSIVE;
				CLANG_CXX_LANGUAGE_STANDARD = "gnu++20";
				CLANG_ENABLE_MODULES = YES;
				CLANG_ENABLE_OBJC_ARC = YES;
				CLANG_ENABLE_OBJC_WEAK = YES;
				CLANG_WARN_BLOCK_CAPTURE_AUTORELEASING = YES;
				CLANG_WARN_BOOL_CONVERSION = YES;
				CLANG_WARN_COMMA = YES;
				CLANG_WARN_CONSTANT_CONVERSION = YES;
				CLANG_WARN_DEPRECATED_OBJC_IMPLEMENTATIONS = YES;
				CLANG_WARN_DIRECT_OBJC_ISA_USAGE = YES_ERROR;
				CLANG_WARN_DOCUMENTATION_COMMENTS = YES;
				CLANG_WARN_EMPTY_BODY = YES;
				CLANG_WARN_ENUM_CONVERSION = YES;
				CLANG_WARN_INFINITE_RECURSION = YES;
				CLANG_WARN_INT_CONVERSION = YES;
				CLANG_WARN_NON_LITERAL_NULL_CONVERSION = YES;
				CLANG_WARN_OBJC_IMPLICIT_RETAIN_SELF = YES;
				CLANG_WARN_OBJC_LITERAL_CONVERSION = YES;
				CLANG_WARN_OBJC_ROOT_CLASS = YES_ERROR;
				CLANG_WARN_QUOTED_INCLUDE_IN_FRAMEWORK_HEADER = YES;
				CLANG_WARN_RANGE_LOOP_ANALYSIS = YES;
				CLANG_WARN_STRICT_PROTOTYPES = YES;
				CLANG_WARN_SUSPICIOUS_MOVE = YES;
				CLANG_WARN_UNGUARDED_AVAILABILITY = YES_AGGRESSIVE;
				CLANG_WARN_UNREACHABLE_CODE = YES;
				CLANG_WARN__DUPLICATE_METHOD_MATCH = YES;
				COPY_PHASE_STRIP = NO;
				DEBUG_INFORMATION_FORMAT = dwarf;
				ENABLE_STRICT_OBJC_MSGSEND = YES;
				ENABLE_TESTABILITY = YES;
				ENABLE_USER_SCRIPT_SANDBOXING = YES;
				GCC_C_LANGUAGE_STANDARD = gnu17;
				GCC_DYNAMIC_NO_PIC = NO;
				GCC_NO_COMMON_BLOCKS = YES;
				GCC_OPTIMIZATION_LEVEL = 0;
				GCC_PREPROCESSOR_DEFINITIONS = (
					"DEBUG=1",
					"$(inherited)",
				);
				GCC_WARN_64_TO_32_BIT_CONVERSION = YES;
				GCC_WARN_ABOUT_RETURN_TYPE = YES_ERROR;
				GCC_WARN_UNDECLARED_SELECTOR = YES;
				GCC_WARN_UNINITIALIZED_AUTOS = YES_AGGRESSIVE;
				GCC_WARN_UNUSED_FUNCTION = YES;
				GCC_WARN_UNUSED_VARIABLE = YES;
				LOCALIZATION_PREFERS_STRING_CATALOGS = YES;
				MTL_ENABLE_DEBUG_INFO = INCLUDE_SOURCE;
				MTL_FAST_MATH = YES;
				ONLY_ACTIVE_ARCH = YES;
				SWIFT_ACTIVE_COMPILATION_CONDITIONS = "DEBUG $(inherited)";
				SWIFT_OPTIMIZATION_LEVEL = "-Onone";
			};
			name = Debug;
		};
		D959AD112F25A6C100639BCE /* Release configuration for PBXProject "RePlate" */ = {
			isa = XCBuildConfiguration;
			buildSettings = {
				ALWAYS_SEARCH_USER_PATHS = NO;
				ASSETCATALOG_COMPILER_GENERATE_SWIFT_ASSET_SYMBOL_EXTENSIONS = YES;
				CLANG_ANALYZER_NONNULL = YES;
				CLANG_ANALYZER_NUMBER_OBJECT_CONVERSION = YES_AGGRESSIVE;
				CLANG_CXX_LANGUAGE_STANDARD = "gnu++20";
				CLANG_ENABLE_MODULES = YES;
				CLANG_ENABLE_OBJC_ARC = YES;
				CLANG_ENABLE_OBJC_WEAK = YES;
				CLANG_WARN_BLOCK_CAPTURE_AUTORELEASING = YES;
				CLANG_WARN_BOOL_CONVERSION = YES;
				CLANG_WARN_COMMA = YES;
				CLANG_WARN_CONSTANT_CONVERSION = YES;
				CLANG_WARN_DEPRECATED_OBJC_IMPLEMENTATIONS = YES;
				CLANG_WARN_DIRECT_OBJC_ISA_USAGE = YES_ERROR;
				CLANG_WARN_DOCUMENTATION_COMMENTS = YES;
				CLANG_WARN_EMPTY_BODY = YES;
				CLANG_WARN_ENUM_CONVERSION = YES;
				CLANG_WARN_INFINITE_RECURSION = YES;
				CLANG_WARN_INT_CONVERSION = YES;
				CLANG_WARN_NON_LITERAL_NULL_CONVERSION = YES;
				CLANG_WARN_OBJC_IMPLICIT_RETAIN_SELF = YES;
				CLANG_WARN_OBJC_LITERAL_CONVERSION = YES;
				CLANG_WARN_OBJC_ROOT_CLASS = YES_ERROR;
				CLANG_WARN_QUOTED_INCLUDE_IN_FRAMEWORK_HEADER = YES;
				CLANG_WARN_RANGE_LOOP_ANALYSIS = YES;
				CLANG_WARN_STRICT_PROTOTYPES = YES;
				CLANG_WARN_SUSPICIOUS_MOVE = YES;
				CLANG_WARN_UNGUARDED_AVAILABILITY = YES_AGGRESSIVE;
				CLANG_WARN_UNREACHABLE_CODE = YES;
				CLANG_WARN__DUPLICATE_METHOD_MATCH = YES;
				COPY_PHASE_STRIP = NO;
				DEBUG_INFORMATION_FORMAT = "dwarf-with-dsym";
				ENABLE_NS_ASSERTIONS = NO;
				ENABLE_STRICT_OBJC_MSGSEND = YES;
				ENABLE_USER_SCRIPT_SANDBOXING = YES;
				GCC_C_LANGUAGE_STANDARD = gnu17;
				GCC_NO_COMMON_BLOCKS = YES;
				GCC_WARN_64_TO_32_BIT_CONVERSION = YES;
				GCC_WARN_ABOUT_RETURN_TYPE = YES_ERROR;
				GCC_WARN_UNDECLARED_SELECTOR = YES;
				GCC_WARN_UNINITIALIZED_AUTOS = YES_AGGRESSIVE;
				GCC_WARN_UNUSED_FUNCTION = YES;
				GCC_WARN_UNUSED_VARIABLE = YES;
				LOCALIZATION_PREFERS_STRING_CATALOGS = YES;
				MTL_ENABLE_DEBUG_INFO = NO;
				MTL_FAST_MATH = YES;
				SWIFT_COMPILATION_MODE = wholemodule;
			};
			name = Release;
		};
		D959AD132F25A6C100639BCE /* Debug configuration for PBXNativeTarget "RePlate" */ = {
			isa = XCBuildConfiguration;
			buildSettings = {
				ASSETCATALOG_COMPILER_APPICON_NAME = AppIcon;
				ASSETCATALOG_COMPILER_GLOBAL_ACCENT_COLOR_NAME = AccentColor;
				CODE_SIGN_STYLE = Automatic;
				CURRENT_PROJECT_VERSION = 1;
				ENABLE_APP_SANDBOX = YES;
				ENABLE_PREVIEWS = YES;
				ENABLE_USER_SELECTED_FILES = readonly;
				GENERATE_INFOPLIST_FILE = YES;
				"INFOPLIST_KEY_UIApplicationSceneManifest_Generation[sdk=iphoneos*]" = YES;
				"INFOPLIST_KEY_UIApplicationSceneManifest_Generation[sdk=iphonesimulator*]" = YES;
				"INFOPLIST_KEY_UIApplicationSupportsIndirectInputEvents[sdk=iphoneos*]" = YES;
				"INFOPLIST_KEY_UIApplicationSupportsIndirectInputEvents[sdk=iphonesimulator*]" = YES;
				"INFOPLIST_KEY_UILaunchScreen_Generation[sdk=iphoneos*]" = YES;
				"INFOPLIST_KEY_UILaunchScreen_Generation[sdk=iphonesimulator*]" = YES;
				"INFOPLIST_KEY_UIStatusBarStyle[sdk=iphoneos*]" = UIStatusBarStyleDefault;
				"INFOPLIST_KEY_UIStatusBarStyle[sdk=iphonesimulator*]" = UIStatusBarStyleDefault;
				INFOPLIST_KEY_UISupportedInterfaceOrientations_iPad = "UIInterfaceOrientationPortrait UIInterfaceOrientationPortraitUpsideDown UIInterfaceOrientationLandscapeLeft UIInterfaceOrientationLandscapeRight";
				INFOPLIST_KEY_UISupportedInterfaceOrientations_iPhone = "UIInterfaceOrientationPortrait UIInterfaceOrientationLandscapeLeft UIInterfaceOrientationLandscapeRight";
				IPHONEOS_DEPLOYMENT_TARGET = 26.2;
				LD_RUNPATH_SEARCH_PATHS = "@executable_path/Frameworks";
				"LD_RUNPATH_SEARCH_PATHS[sdk=macosx*]" = "@executable_path/../Frameworks";
				MACOSX_DEPLOYMENT_TARGET = 15.7;
				MARKETING_VERSION = 1.0;
				PRODUCT_BUNDLE_IDENTIFIER = com.RePlate;
				PRODUCT_NAME = "$(TARGET_NAME)";
				REGISTER_APP_GROUPS = YES;
				SDKROOT = auto;
				STRING_CATALOG_GENERATE_SYMBOLS = YES;
				SUPPORTED_PLATFORMS = "iphoneos iphonesimulator macosx xros xrsimulator";
				SWIFT_APPROACHABLE_CONCURRENCY = YES;
				SWIFT_DEFAULT_ACTOR_ISOLATION = MainActor;
				SWIFT_EMIT_LOC_STRINGS = YES;
				SWIFT_UPCOMING_FEATURE_MEMBER_IMPORT_VISIBILITY = YES;
				SWIFT_VERSION = 5.0;
				TARGETED_DEVICE_FAMILY = "1,2,7";
				XROS_DEPLOYMENT_TARGET = 26.2;
			};
			name = Debug;
		};
		D959AD142F25A6C100639BCE /* Release configuration for PBXNativeTarget "RePlate" */ = {
			isa = XCBuildConfiguration;
			buildSettings = {
				ASSETCATALOG_COMPILER_APPICON_NAME = AppIcon;
				ASSETCATALOG_COMPILER_GLOBAL_ACCENT_COLOR_NAME = AccentColor;
				CODE_SIGN_STYLE = Automatic;
				CURRENT_PROJECT_VERSION = 1;
				ENABLE_APP_SANDBOX = YES;
				ENABLE_PREVIEWS = YES;
				ENABLE_USER_SELECTED_FILES = readonly;
				GENERATE_INFOPLIST_FILE = YES;
				"INFOPLIST_KEY_UIApplicationSceneManifest_Generation[sdk=iphoneos*]" = YES;
				"INFOPLIST_KEY_UIApplicationSceneManifest_Generation[sdk=iphonesimulator*]" = YES;
				"INFOPLIST_KEY_UIApplicationSupportsIndirectInputEvents[sdk=iphoneos*]" = YES;
				"INFOPLIST_KEY_UIApplicationSupportsIndirectInputEvents[sdk=iphonesimulator*]" = YES;
				"INFOPLIST_KEY_UILaunchScreen_Generation[sdk=iphoneos*]" = YES;
				"INFOPLIST_KEY_UILaunchScreen_Generation[sdk=iphonesimulator*]" = YES;
				"INFOPLIST_KEY_UIStatusBarStyle[sdk=iphoneos*]" = UIStatusBarStyleDefault;
				"INFOPLIST_KEY_UIStatusBarStyle[sdk=iphonesimulator*]" = UIStatusBarStyleDefault;
				INFOPLIST_KEY_UISupportedInterfaceOrientations_iPad = "UIInterfaceOrientationPortrait UIInterfaceOrientationPortraitUpsideDown UIInterfaceOrientationLandscapeLeft UIInterfaceOrientationLandscapeRight";
				INFOPLIST_KEY_UISupportedInterfaceOrientations_iPhone = "UIInterfaceOrientationPortrait UIInterfaceOrientationLandscapeLeft UIInterfaceOrientationLandscapeRight";
				IPHONEOS_DEPLOYMENT_TARGET = 26.2;
				LD_RUNPATH_SEARCH_PATHS = "@executable_path/Frameworks";
				"LD_RUNPATH_SEARCH_PATHS[sdk=macosx*]" = "@executable_path/../Frameworks";
				MACOSX_DEPLOYMENT_TARGET = 15.7;
				MARKETING_VERSION = 1.0;
				PRODUCT_BUNDLE_IDENTIFIER = com.RePlate;
				PRODUCT_NAME = "$(TARGET_NAME)";
				REGISTER_APP_GROUPS = YES;
				SDKROOT = auto;
				STRING_CATALOG_GENERATE_SYMBOLS = YES;
				SUPPORTED_PLATFORMS = "iphoneos iphonesimulator macosx xros xrsimulator";
				SWIFT_APPROACHABLE_CONCURRENCY = YES;
				SWIFT_DEFAULT_ACTOR_ISOLATION = MainActor;
				SWIFT_EMIT_LOC_STRINGS = YES;
				SWIFT_UPCOMING_FEATURE_MEMBER_IMPORT_VISIBILITY = YES;
				SWIFT_VERSION = 5.0;
				TARGETED_DEVICE_FAMILY = "1,2,7";
				XROS_DEPLOYMENT_TARGET = 26.2;
			};
			name = Release;
		};
/* End XCBuildConfiguration section */

/* Begin XCConfigurationList section */
		D959AD022F25A6BE00639BCE /* Build configuration list for PBXProject "RePlate" */ = {
			isa = XCConfigurationList;
			buildConfigurations = (
				D959AD102F25A6C100639BCE /* Debug configuration for PBXProject "RePlate" */,
				D959AD112F25A6C100639BCE /* Release configuration for PBXProject "RePlate" */,
			);
			defaultConfigurationName = Release;
		};
		D959AD122F25A6C100639BCE /* Build configuration list for PBXNativeTarget "RePlate" */ = {
			isa = XCConfigurationList;
			buildConfigurations = (
				D959AD132F25A6C100639BCE /* Debug configuration for PBXNativeTarget "RePlate" */,
				D959AD142F25A6C100639BCE /* Release configuration for PBXNativeTarget "RePlate" */,
			);
			defaultConfigurationName = Release;
		};
/* End XCConfigurationList section */
	};
	rootObject = D959ACFF2F25A6BE00639BCE /* Project object */;
}
